
Microsoft Visual Studio Solution File, Format Version 12.00
# Visual Studio Version 17
VisualStudioVersion = 17.5.002.0
MinimumVisualStudioVersion = 10.0.40219.1
Project("{9A19103F-16F7-4668-BE54-9A1E7A4F7556}") = "DesafioPOO", "DesafioPOO.csproj", "{52FE1223-5433-412C-AD97-511B314DE0C7}"
EndProject
Global
	GlobalSection(SolutionConfigurationPlatforms) = preSolution
		Debug|Any CPU = Debug|Any CPU
		Release|Any CPU = Release|Any CPU
	EndGlobalSection
	GlobalSection(ProjectConfigurationPlatforms) = postSolution
		{52FE1223-5433-412C-AD97-511B314DE0C7}.Debug|Any CPU.ActiveCfg = Debug|Any CPU
		{52FE1223-5433-412C-AD97-511B314DE0C7}.Debug|Any CPU.Build.0 = Debug|Any CPU
		{52FE1223-5433-412C-AD97-511B314DE0C7}.Release|Any CPU.ActiveCfg = Release|Any CPU
		{52FE1223-5433-412C-AD97-511B314DE0C7}.Release|Any CPU.Build.0 = Release|Any CPU
	EndGlobalSection
	GlobalSection(SolutionProperties) = preSolution
		HideSolutionNode = FALSE
	EndGlobalSection
	GlobalSection(ExtensibilityGlobals) = postSolution
		SolutionGuid = {B8EF378A-6437-4348-9792-6EE6F26FBBDF}
	EndGlobalSection
EndGlobal
